
Microsoft Visual Studio Solution File, Format Version 12.00
# Visual Studio Version 17
VisualStudioVersion = 17.11.35222.181
MinimumVisualStudioVersion = 10.0.40219.1
Project("{FAE04EC0-301F-11D3-BF4B-00C04F79EFBC}") = "StudentInfoApplication", "StudentInfoApplication.csproj", "{EBDF9375-472E-49F0-953D-0E6175A39634}"
EndProject
Global
	GlobalSection(SolutionConfigurationPlatforms) = preSolution
		Debug|Any CPU = Debug|Any CPU
		Release|Any CPU = Release|Any CPU
	EndGlobalSection
	GlobalSection(ProjectConfigurationPlatforms) = postSolution
		{EBDF9375-472E-49F0-953D-0E6175A39634}.Debug|Any CPU.ActiveCfg = Debug|Any CPU
		{EBDF9375-472E-49F0-953D-0E6175A39634}.Debug|Any CPU.Build.0 = Debug|Any CPU
		{EBDF9375-472E-49F0-953D-0E6175A39634}.Release|Any CPU.ActiveCfg = Release|Any CPU
		{EBDF9375-472E-49F0-953D-0E6175A39634}.Release|Any CPU.Build.0 = Release|Any CPU
	EndGlobalSection
	GlobalSection(SolutionProperties) = preSolution
		HideSolutionNode = FALSE
	EndGlobalSection
	GlobalSection(ExtensibilityGlobals) = postSolution
		SolutionGuid = {DA10AAE1-444C-432E-B65E-B19CD6DCACFF}
	EndGlobalSection
EndGlobal
